
Microsoft Visual Studio Solution File, Format Version 12.00
# Visual Studio Version 17
VisualStudioVersion = 17.11.35327.3
MinimumVisualStudioVersion = 10.0.40219.1
Project("{FAE04EC0-301F-11D3-BF4B-00C04F79EFBC}") = "Assignment 3_2_2", "Assignment 3_2_2.csproj", "{3AF87183-5275-4E48-92A1-4DE453A739B4}"
EndProject
Global
	GlobalSection(SolutionConfigurationPlatforms) = preSolution
		Debug|Any CPU = Debug|Any CPU
		Release|Any CPU = Release|Any CPU
	EndGlobalSection
	GlobalSection(ProjectConfigurationPlatforms) = postSolution
		{3AF87183-5275-4E48-92A1-4DE453A739B4}.Debug|Any CPU.ActiveCfg = Debug|Any CPU
		{3AF87183-5275-4E48-92A1-4DE453A739B4}.Debug|Any CPU.Build.0 = Debug|Any CPU
		{3AF87183-5275-4E48-92A1-4DE453A739B4}.Release|Any CPU.ActiveCfg = Release|Any CPU
		{3AF87183-5275-4E48-92A1-4DE453A739B4}.Release|Any CPU.Build.0 = Release|Any CPU
	EndGlobalSection
	GlobalSection(SolutionProperties) = preSolution
		HideSolutionNode = FALSE
	EndGlobalSection
	GlobalSection(ExtensibilityGlobals) = postSolution
		SolutionGuid = {5736C6A1-408E-423C-8B31-2C49D6241B10}
	EndGlobalSection
EndGlobal
